{
  "name": "ajs-2",
  "version": "1.0.0",
  "lockfileVersion": 2,
  "requires": true,
  "packages": {
    "": {
      "name": "ajs-2",
      "version": "1.0.0",
      "license": "ISC",
      "dependencies": {
        "@wayneadam/ajs": "^1.0.0"
      }
    },
    "node_modules/@wayneadam/ajs": {
      "version": "1.0.0",
      "resolved": "https://npm.pkg.github.com/download/@wayneadam/ajs/1.0.0/fde8f54decc9d4e031f8aa891c97988cc6697dae",
      "integrity": "sha512-cePND/vy7V1hCJcMsrw8fLblj/ebB5SscMKc5fg3i2eXZk1FQrI2RoZ9xsZMaD4oQJNPvjYmjoFGcFN78gfFVQ==",
      "license": "ISC"
    }
  },
  "dependencies": {
    "@wayneadam/ajs": {
      "version": "1.0.0",
      "resolved": "https://npm.pkg.github.com/download/@wayneadam/ajs/1.0.0/fde8f54decc9d4e031f8aa891c97988cc6697dae",
      "integrity": "sha512-cePND/vy7V1hCJcMsrw8fLblj/ebB5SscMKc5fg3i2eXZk1FQrI2RoZ9xsZMaD4oQJNPvjYmjoFGcFN78gfFVQ=="
    }
  }
}
